# THIS IS AN AUTOGENERATED FILE. DO NOT EDIT THIS FILE DIRECTLY.
# yarn lockfile v1


"@1password/op-js@0.1.10":
  version "0.1.10"
  resolved "https://registry.yarnpkg.com/@1password/op-js/-/op-js-0.1.10.tgz#220e599f82e51c107e7779ab9f882ea3fab3fd7e"
  integrity sha512-hgSRgEm/srf1ZB5VPIJgY5Wy2zLk3E/XvYxdUIF5VzgMSITYvMj7CgLzI0pcxlk0HMWlmFrFe+Hr2ksFli7Okg==
  dependencies:
    lookpath "^1.2.2"
    semver "^7.3.6"

lookpath@^1.2.2:
  version "1.2.2"
  resolved "https://registry.yarnpkg.com/lookpath/-/lookpath-1.2.2.tgz#bddcd1440b6643e07495138376d43aed38bcd454"
  integrity sha512-k2Gmn8iV6qdME3ztZC2spubmQISimFOPLuQKiPaLcVdRz0IpdxrNClVepMlyTJlhodm/zG/VfbkWERm3kUIh+Q==

lru-cache@^6.0.0:
  version "6.0.0"
  resolved "https://registry.yarnpkg.com/lru-cache/-/lru-cache-6.0.0.tgz#6d6fe6570ebd96aaf90fcad1dafa3b2566db3a94"
  integrity sha512-Jo6dJ04CmSjuznwJSS3pUeWmd/H0ffTlkXXgwZi+eq1UCmqQwCh+eLsYOYCwY991i2Fah4h1BEMCx4qThGbsiA==
  dependencies:
    yallist "^4.0.0"

semver@^7.3.6:
  version "7.5.4"
  resolved "https://registry.yarnpkg.com/semver/-/semver-7.5.4.tgz#483986ec4ed38e1c6c48c34894a9182dbff68a6e"
  integrity sha512-1bCSESV6Pv+i21Hvpxp3Dx+pSD8lIPt8uVjRrxAUt/nbswYc+tK6Y2btiULjd4+fnq15PX+nqQDC7Oft7WkwcA==
  dependencies:
    lru-cache "^6.0.0"

typescript@^5.1.6:
  version "5.1.6"
  resolved "https://registry.yarnpkg.com/typescript/-/typescript-5.1.6.tgz#02f8ac202b6dad2c0dd5e0913745b47a37998274"
  integrity sha512-zaWCozRZ6DLEWAWFrVDz1H6FVXzUSfTy5FUMWsQlU8Ym5JP9eO4xkTIROFCQvhQf61z6O/G6ugw3SgAnvvm+HA==

yallist@^4.0.0:
  version "4.0.0"
  resolved "https://registry.yarnpkg.com/yallist/-/yallist-4.0.0.tgz#9bb92790d9c0effec63be73519e11a35019a3a72"
  integrity sha512-3wdGidZyq5PB084XLES5TpOSRA3wjXAlIWMhum2kRcv/41Sn2emQ0dycQW4uZXLejwKvg6EsvbdlVL+FYEct7A==
