# THIS IS AN AUTOGENERATED FILE. DO NOT EDIT THIS FILE DIRECTLY.
# yarn lockfile v1


"@1password/op-js@^0.1.12":
  version "0.1.12"
  resolved "https://registry.yarnpkg.com/@1password/op-js/-/op-js-0.1.12.tgz#986ac6a6aaac3f4b43da36e170e5a5678f093916"
  integrity sha512-vL4mrpZ67GaaOH4cClI8X6rVpnAlsTuH6X0wMPKA1ND9LAjzAlVKvl+Z01kvAwm5MLW6MFQn+KoZkQThphUhDg==
  dependencies:
    lookpath "^1.2.2"
    semver "^7.6.2"

lookpath@^1.2.2:
  version "1.2.2"
  resolved "https://registry.yarnpkg.com/lookpath/-/lookpath-1.2.2.tgz#bddcd1440b6643e07495138376d43aed38bcd454"
  integrity sha512-k2Gmn8iV6qdME3ztZC2spubmQISimFOPLuQKiPaLcVdRz0IpdxrNClVepMlyTJlhodm/zG/VfbkWERm3kUIh+Q==

semver@^7.6.2:
  version "7.6.2"
  resolved "https://registry.yarnpkg.com/semver/-/semver-7.6.2.tgz#1e3b34759f896e8f14d6134732ce798aeb0c6e13"
  integrity sha512-FNAIBWCx9qcRhoHcgcJ0gvU7SN1lYU2ZXuSfl04bSC5OpvDHFyJCjdNHomPXxjQlCBU67YW64PzY7/VIEH7F2w==

typescript@^5.1.6:
  version "5.1.6"
  resolved "https://registry.yarnpkg.com/typescript/-/typescript-5.1.6.tgz#02f8ac202b6dad2c0dd5e0913745b47a37998274"
  integrity sha512-zaWCozRZ6DLEWAWFrVDz1H6FVXzUSfTy5FUMWsQlU8Ym5JP9eO4xkTIROFCQvhQf61z6O/G6ugw3SgAnvvm+HA==
